
Microsoft Visual Studio Solution File, Format Version 12.00
# Visual Studio Version 16
VisualStudioVersion = 16.0.31729.503
MinimumVisualStudioVersion = 10.0.40219.1
Project("{FAE04EC0-301F-11D3-BF4B-00C04F79EFBC}") = "Algorithms_LinearSorting", "Algorithms_LinearSorting.csproj", "{99D29394-2076-42F2-81D7-D723B3752E34}"
EndProject
Global
	GlobalSection(SolutionConfigurationPlatforms) = preSolution
		Debug|Any CPU = Debug|Any CPU
		Release|Any CPU = Release|Any CPU
	EndGlobalSection
	GlobalSection(ProjectConfigurationPlatforms) = postSolution
		{99D29394-2076-42F2-81D7-D723B3752E34}.Debug|Any CPU.ActiveCfg = Debug|Any CPU
		{99D29394-2076-42F2-81D7-D723B3752E34}.Debug|Any CPU.Build.0 = Debug|Any CPU
		{99D29394-2076-42F2-81D7-D723B3752E34}.Release|Any CPU.ActiveCfg = Release|Any CPU
		{99D29394-2076-42F2-81D7-D723B3752E34}.Release|Any CPU.Build.0 = Release|Any CPU
	EndGlobalSection
	GlobalSection(SolutionProperties) = preSolution
		HideSolutionNode = FALSE
	EndGlobalSection
	GlobalSection(ExtensibilityGlobals) = postSolution
		SolutionGuid = {D23EF9EE-1D59-4C7A-B94A-E0D21317C4E5}
	EndGlobalSection
EndGlobal
